
Microsoft Visual Studio Solution File, Format Version 12.00
# Visual Studio Version 17
VisualStudioVersion = 17.2.32602.215
MinimumVisualStudioVersion = 10.0.40219.1
Project("{FAE04EC0-301F-11D3-BF4B-00C04F79EFBC}") = "EletroStockAPI", "EletroStockAPI\EletroStockAPI.csproj", "{7FBA7119-9D06-4065-8F16-52BD3B4B4B86}"
EndProject
Global
	GlobalSection(SolutionConfigurationPlatforms) = preSolution
		Debug|Any CPU = Debug|Any CPU
		Release|Any CPU = Release|Any CPU
	EndGlobalSection
	GlobalSection(ProjectConfigurationPlatforms) = postSolution
		{7FBA7119-9D06-4065-8F16-52BD3B4B4B86}.Debug|Any CPU.ActiveCfg = Debug|Any CPU
		{7FBA7119-9D06-4065-8F16-52BD3B4B4B86}.Debug|Any CPU.Build.0 = Debug|Any CPU
		{7FBA7119-9D06-4065-8F16-52BD3B4B4B86}.Release|Any CPU.ActiveCfg = Release|Any CPU
		{7FBA7119-9D06-4065-8F16-52BD3B4B4B86}.Release|Any CPU.Build.0 = Release|Any CPU
	EndGlobalSection
	GlobalSection(SolutionProperties) = preSolution
		HideSolutionNode = FALSE
	EndGlobalSection
	GlobalSection(ExtensibilityGlobals) = postSolution
		SolutionGuid = {8456DE51-40E4-4407-B6FC-88815F399CFB}
	EndGlobalSection
EndGlobal
